
Microsoft Visual Studio Solution File, Format Version 12.00
# Visual Studio Version 17
VisualStudioVersion = 17.5.002.0
MinimumVisualStudioVersion = 10.0.40219.1
Project("{9A19103F-16F7-4668-BE54-9A1E7A4F7556}") = "GeneticAlgorithm", "GeneticAlgorithm.csproj", "{1F6B03AB-4C17-4300-9019-AFE145D1FE9C}"
EndProject
Global
	GlobalSection(SolutionConfigurationPlatforms) = preSolution
		Debug|Any CPU = Debug|Any CPU
		Release|Any CPU = Release|Any CPU
	EndGlobalSection
	GlobalSection(ProjectConfigurationPlatforms) = postSolution
		{1F6B03AB-4C17-4300-9019-AFE145D1FE9C}.Debug|Any CPU.ActiveCfg = Debug|Any CPU
		{1F6B03AB-4C17-4300-9019-AFE145D1FE9C}.Debug|Any CPU.Build.0 = Debug|Any CPU
		{1F6B03AB-4C17-4300-9019-AFE145D1FE9C}.Release|Any CPU.ActiveCfg = Release|Any CPU
		{1F6B03AB-4C17-4300-9019-AFE145D1FE9C}.Release|Any CPU.Build.0 = Release|Any CPU
	EndGlobalSection
	GlobalSection(SolutionProperties) = preSolution
		HideSolutionNode = FALSE
	EndGlobalSection
	GlobalSection(ExtensibilityGlobals) = postSolution
		SolutionGuid = {A4AD1C17-63AC-4492-BA3B-960019A01319}
	EndGlobalSection
EndGlobal
